
Microsoft Visual Studio Solution File, Format Version 12.00
# Visual Studio Version 17
VisualStudioVersion = 17.6.33723.286
MinimumVisualStudioVersion = 10.0.40219.1
Project("{FAE04EC0-301F-11D3-BF4B-00C04F79EFBC}") = "ProductManagement", "ProductManagement.csproj", "{7493A95A-214A-43C2-8035-D914A2B4F4CF}"
EndProject
Project("{FAE04EC0-301F-11D3-BF4B-00C04F79EFBC}") = "DataAccessObjects", "..\OData\DataAccessObjects\DataAccessObjects.csproj", "{754CCA85-33BE-4F70-800C-81F5283F80F8}"
EndProject
Project("{FAE04EC0-301F-11D3-BF4B-00C04F79EFBC}") = "Repositority", "..\OData\Repositority\Repositority.csproj", "{98978004-5ED8-4A59-88D9-E38BC993B611}"
EndProject
Project("{FAE04EC0-301F-11D3-BF4B-00C04F79EFBC}") = "BusinessObject", "..\OData\BusinessObject\BusinessObject.csproj", "{74C7A0C9-10EF-43A8-80B4-5421B4D6FD7C}"
EndProject
Project("{FAE04EC0-301F-11D3-BF4B-00C04F79EFBC}") = "WebAppRazorPages", "..\OData\WebAppRazorPages\WebAppRazorPages.csproj", "{6A5E8322-528A-4F50-8008-926191CF1568}"
EndProject
Project("{FAE04EC0-301F-11D3-BF4B-00C04F79EFBC}") = "Services", "..\OData\Services\Services.csproj", "{9AA850CD-EF40-438C-A688-156BC4E7A879}"
EndProject
Global
	GlobalSection(SolutionConfigurationPlatforms) = preSolution
		Debug|Any CPU = Debug|Any CPU
		Release|Any CPU = Release|Any CPU
	EndGlobalSection
	GlobalSection(ProjectConfigurationPlatforms) = postSolution
		{7493A95A-214A-43C2-8035-D914A2B4F4CF}.Debug|Any CPU.ActiveCfg = Debug|Any CPU
		{7493A95A-214A-43C2-8035-D914A2B4F4CF}.Debug|Any CPU.Build.0 = Debug|Any CPU
		{7493A95A-214A-43C2-8035-D914A2B4F4CF}.Release|Any CPU.ActiveCfg = Release|Any CPU
		{7493A95A-214A-43C2-8035-D914A2B4F4CF}.Release|Any CPU.Build.0 = Release|Any CPU
		{754CCA85-33BE-4F70-800C-81F5283F80F8}.Debug|Any CPU.ActiveCfg = Debug|Any CPU
		{754CCA85-33BE-4F70-800C-81F5283F80F8}.Debug|Any CPU.Build.0 = Debug|Any CPU
		{754CCA85-33BE-4F70-800C-81F5283F80F8}.Release|Any CPU.ActiveCfg = Release|Any CPU
		{754CCA85-33BE-4F70-800C-81F5283F80F8}.Release|Any CPU.Build.0 = Release|Any CPU
		{98978004-5ED8-4A59-88D9-E38BC993B611}.Debug|Any CPU.ActiveCfg = Debug|Any CPU
		{98978004-5ED8-4A59-88D9-E38BC993B611}.Debug|Any CPU.Build.0 = Debug|Any CPU
		{98978004-5ED8-4A59-88D9-E38BC993B611}.Release|Any CPU.ActiveCfg = Release|Any CPU
		{98978004-5ED8-4A59-88D9-E38BC993B611}.Release|Any CPU.Build.0 = Release|Any CPU
		{74C7A0C9-10EF-43A8-80B4-5421B4D6FD7C}.Debug|Any CPU.ActiveCfg = Debug|Any CPU
		{74C7A0C9-10EF-43A8-80B4-5421B4D6FD7C}.Debug|Any CPU.Build.0 = Debug|Any CPU
		{74C7A0C9-10EF-43A8-80B4-5421B4D6FD7C}.Release|Any CPU.ActiveCfg = Release|Any CPU
		{74C7A0C9-10EF-43A8-80B4-5421B4D6FD7C}.Release|Any CPU.Build.0 = Release|Any CPU
		{6A5E8322-528A-4F50-8008-926191CF1568}.Debug|Any CPU.ActiveCfg = Debug|Any CPU
		{6A5E8322-528A-4F50-8008-926191CF1568}.Debug|Any CPU.Build.0 = Debug|Any CPU
		{6A5E8322-528A-4F50-8008-926191CF1568}.Release|Any CPU.ActiveCfg = Release|Any CPU
		{6A5E8322-528A-4F50-8008-926191CF1568}.Release|Any CPU.Build.0 = Release|Any CPU
		{9AA850CD-EF40-438C-A688-156BC4E7A879}.Debug|Any CPU.ActiveCfg = Debug|Any CPU
		{9AA850CD-EF40-438C-A688-156BC4E7A879}.Debug|Any CPU.Build.0 = Debug|Any CPU
		{9AA850CD-EF40-438C-A688-156BC4E7A879}.Release|Any CPU.ActiveCfg = Release|Any CPU
		{9AA850CD-EF40-438C-A688-156BC4E7A879}.Release|Any CPU.Build.0 = Release|Any CPU
	EndGlobalSection
	GlobalSection(SolutionProperties) = preSolution
		HideSolutionNode = FALSE
	EndGlobalSection
	GlobalSection(ExtensibilityGlobals) = postSolution
		SolutionGuid = {21E6065F-A64B-4FAE-9971-548645B143A4}
	EndGlobalSection
EndGlobal
