
Microsoft Visual Studio Solution File, Format Version 12.00
# Visual Studio Version 17
VisualStudioVersion = 17.6.33723.286
MinimumVisualStudioVersion = 10.0.40219.1
Project("{FAE04EC0-301F-11D3-BF4B-00C04F79EFBC}") = "OdataDemo", "OdataDemo.csproj", "{0085674E-9A85-452E-9B8B-2F1CCC56B320}"
EndProject
Project("{FAE04EC0-301F-11D3-BF4B-00C04F79EFBC}") = "BusinessObjects", "..\Demo\BusinessObjects\BusinessObjects.csproj", "{1CA90F73-5B2D-43D9-8512-A4F8385AC297}"
EndProject
Project("{FAE04EC0-301F-11D3-BF4B-00C04F79EFBC}") = "DataAccessLayer", "..\Demo\DataAccessLayer\DataAccessLayer.csproj", "{17A62C8A-3432-4385-B74D-A90AF5A27AAB}"
EndProject
Project("{FAE04EC0-301F-11D3-BF4B-00C04F79EFBC}") = "Services", "..\Demo\Services\Services.csproj", "{4588C46A-4218-4B35-B4DE-E999F838F7D3}"
EndProject
Project("{FAE04EC0-301F-11D3-BF4B-00C04F79EFBC}") = "Repositories", "..\Demo\Repositories\Repositories.csproj", "{F823A32C-E0E9-4065-88E6-3BCB20FF63AC}"
EndProject
Global
	GlobalSection(SolutionConfigurationPlatforms) = preSolution
		Debug|Any CPU = Debug|Any CPU
		Release|Any CPU = Release|Any CPU
	EndGlobalSection
	GlobalSection(ProjectConfigurationPlatforms) = postSolution
		{0085674E-9A85-452E-9B8B-2F1CCC56B320}.Debug|Any CPU.ActiveCfg = Debug|Any CPU
		{0085674E-9A85-452E-9B8B-2F1CCC56B320}.Debug|Any CPU.Build.0 = Debug|Any CPU
		{0085674E-9A85-452E-9B8B-2F1CCC56B320}.Release|Any CPU.ActiveCfg = Release|Any CPU
		{0085674E-9A85-452E-9B8B-2F1CCC56B320}.Release|Any CPU.Build.0 = Release|Any CPU
		{1CA90F73-5B2D-43D9-8512-A4F8385AC297}.Debug|Any CPU.ActiveCfg = Debug|Any CPU
		{1CA90F73-5B2D-43D9-8512-A4F8385AC297}.Debug|Any CPU.Build.0 = Debug|Any CPU
		{1CA90F73-5B2D-43D9-8512-A4F8385AC297}.Release|Any CPU.ActiveCfg = Release|Any CPU
		{1CA90F73-5B2D-43D9-8512-A4F8385AC297}.Release|Any CPU.Build.0 = Release|Any CPU
		{17A62C8A-3432-4385-B74D-A90AF5A27AAB}.Debug|Any CPU.ActiveCfg = Debug|Any CPU
		{17A62C8A-3432-4385-B74D-A90AF5A27AAB}.Debug|Any CPU.Build.0 = Debug|Any CPU
		{17A62C8A-3432-4385-B74D-A90AF5A27AAB}.Release|Any CPU.ActiveCfg = Release|Any CPU
		{17A62C8A-3432-4385-B74D-A90AF5A27AAB}.Release|Any CPU.Build.0 = Release|Any CPU
		{4588C46A-4218-4B35-B4DE-E999F838F7D3}.Debug|Any CPU.ActiveCfg = Debug|Any CPU
		{4588C46A-4218-4B35-B4DE-E999F838F7D3}.Debug|Any CPU.Build.0 = Debug|Any CPU
		{4588C46A-4218-4B35-B4DE-E999F838F7D3}.Release|Any CPU.ActiveCfg = Release|Any CPU
		{4588C46A-4218-4B35-B4DE-E999F838F7D3}.Release|Any CPU.Build.0 = Release|Any CPU
		{F823A32C-E0E9-4065-88E6-3BCB20FF63AC}.Debug|Any CPU.ActiveCfg = Debug|Any CPU
		{F823A32C-E0E9-4065-88E6-3BCB20FF63AC}.Debug|Any CPU.Build.0 = Debug|Any CPU
		{F823A32C-E0E9-4065-88E6-3BCB20FF63AC}.Release|Any CPU.ActiveCfg = Release|Any CPU
		{F823A32C-E0E9-4065-88E6-3BCB20FF63AC}.Release|Any CPU.Build.0 = Release|Any CPU
	EndGlobalSection
	GlobalSection(SolutionProperties) = preSolution
		HideSolutionNode = FALSE
	EndGlobalSection
	GlobalSection(ExtensibilityGlobals) = postSolution
		SolutionGuid = {01505A50-A9DB-439A-9ECE-057C4E1EEE2D}
	EndGlobalSection
EndGlobal
