
Microsoft Visual Studio Solution File, Format Version 12.00
# Visual Studio Version 17
VisualStudioVersion = 17.6.33723.286
MinimumVisualStudioVersion = 10.0.40219.1
Project("{9A19103F-16F7-4668-BE54-9A1E7A4F7556}") = "BindingRoute", "BindingRoute.csproj", "{1F8EFEB5-10BA-40CB-862A-2333B5FCFCE8}"
EndProject
Project("{FAE04EC0-301F-11D3-BF4B-00C04F79EFBC}") = "BusinessObjects", "BusinessObjects\BusinessObjects.csproj", "{07ADB44E-5C4A-4942-992D-63D28609D433}"
EndProject
Project("{FAE04EC0-301F-11D3-BF4B-00C04F79EFBC}") = "DataAccessObjects", "..\DataAccessObjects\DataAccessObjects.csproj", "{A7B3E977-E82F-448E-A3D4-34EDBB651C9F}"
EndProject
Project("{FAE04EC0-301F-11D3-BF4B-00C04F79EFBC}") = "DTO", "DTO\DTO.csproj", "{A8CE6CFC-B1E1-4E6F-9FAD-87B7DE2E88A1}"
EndProject
Project("{FAE04EC0-301F-11D3-BF4B-00C04F79EFBC}") = "Repositorys", "Repositorys\Repositorys.csproj", "{4B4F7F74-0FAB-4635-8EE4-F50DDEC7A2B0}"
EndProject
Global
	GlobalSection(SolutionConfigurationPlatforms) = preSolution
		Debug|Any CPU = Debug|Any CPU
		Release|Any CPU = Release|Any CPU
	EndGlobalSection
	GlobalSection(ProjectConfigurationPlatforms) = postSolution
		{1F8EFEB5-10BA-40CB-862A-2333B5FCFCE8}.Debug|Any CPU.ActiveCfg = Debug|Any CPU
		{1F8EFEB5-10BA-40CB-862A-2333B5FCFCE8}.Debug|Any CPU.Build.0 = Debug|Any CPU
		{1F8EFEB5-10BA-40CB-862A-2333B5FCFCE8}.Release|Any CPU.ActiveCfg = Release|Any CPU
		{1F8EFEB5-10BA-40CB-862A-2333B5FCFCE8}.Release|Any CPU.Build.0 = Release|Any CPU
		{07ADB44E-5C4A-4942-992D-63D28609D433}.Debug|Any CPU.ActiveCfg = Debug|Any CPU
		{07ADB44E-5C4A-4942-992D-63D28609D433}.Debug|Any CPU.Build.0 = Debug|Any CPU
		{07ADB44E-5C4A-4942-992D-63D28609D433}.Release|Any CPU.ActiveCfg = Release|Any CPU
		{07ADB44E-5C4A-4942-992D-63D28609D433}.Release|Any CPU.Build.0 = Release|Any CPU
		{A7B3E977-E82F-448E-A3D4-34EDBB651C9F}.Debug|Any CPU.ActiveCfg = Debug|Any CPU
		{A7B3E977-E82F-448E-A3D4-34EDBB651C9F}.Debug|Any CPU.Build.0 = Debug|Any CPU
		{A7B3E977-E82F-448E-A3D4-34EDBB651C9F}.Release|Any CPU.ActiveCfg = Release|Any CPU
		{A7B3E977-E82F-448E-A3D4-34EDBB651C9F}.Release|Any CPU.Build.0 = Release|Any CPU
		{A8CE6CFC-B1E1-4E6F-9FAD-87B7DE2E88A1}.Debug|Any CPU.ActiveCfg = Debug|Any CPU
		{A8CE6CFC-B1E1-4E6F-9FAD-87B7DE2E88A1}.Debug|Any CPU.Build.0 = Debug|Any CPU
		{A8CE6CFC-B1E1-4E6F-9FAD-87B7DE2E88A1}.Release|Any CPU.ActiveCfg = Release|Any CPU
		{A8CE6CFC-B1E1-4E6F-9FAD-87B7DE2E88A1}.Release|Any CPU.Build.0 = Release|Any CPU
		{4B4F7F74-0FAB-4635-8EE4-F50DDEC7A2B0}.Debug|Any CPU.ActiveCfg = Debug|Any CPU
		{4B4F7F74-0FAB-4635-8EE4-F50DDEC7A2B0}.Debug|Any CPU.Build.0 = Debug|Any CPU
		{4B4F7F74-0FAB-4635-8EE4-F50DDEC7A2B0}.Release|Any CPU.ActiveCfg = Release|Any CPU
		{4B4F7F74-0FAB-4635-8EE4-F50DDEC7A2B0}.Release|Any CPU.Build.0 = Release|Any CPU
	EndGlobalSection
	GlobalSection(SolutionProperties) = preSolution
		HideSolutionNode = FALSE
	EndGlobalSection
	GlobalSection(ExtensibilityGlobals) = postSolution
		SolutionGuid = {7DFFE905-BBD8-4735-96DB-CA46C804338E}
	EndGlobalSection
EndGlobal
