
Microsoft Visual Studio Solution File, Format Version 12.00
# Visual Studio Version 17
VisualStudioVersion = 17.12.35707.178 d17.12
MinimumVisualStudioVersion = 10.0.40219.1
Project("{FAE04EC0-301F-11D3-BF4B-00C04F79EFBC}") = "3341-FindMinimumTimeReachLastRoomI", "3341-FindMinimumTimeReachLastRoomI.csproj", "{EA8949D4-51AA-4035-A7CB-F9427C84E562}"
EndProject
Global
	GlobalSection(SolutionConfigurationPlatforms) = preSolution
		Debug|Any CPU = Debug|Any CPU
		Release|Any CPU = Release|Any CPU
	EndGlobalSection
	GlobalSection(ProjectConfigurationPlatforms) = postSolution
		{EA8949D4-51AA-4035-A7CB-F9427C84E562}.Debug|Any CPU.ActiveCfg = Debug|Any CPU
		{EA8949D4-51AA-4035-A7CB-F9427C84E562}.Debug|Any CPU.Build.0 = Debug|Any CPU
		{EA8949D4-51AA-4035-A7CB-F9427C84E562}.Release|Any CPU.ActiveCfg = Release|Any CPU
		{EA8949D4-51AA-4035-A7CB-F9427C84E562}.Release|Any CPU.Build.0 = Release|Any CPU
	EndGlobalSection
	GlobalSection(SolutionProperties) = preSolution
		HideSolutionNode = FALSE
	EndGlobalSection
EndGlobal
