
Microsoft Visual Studio Solution File, Format Version 12.00
# Visual Studio Version 17
VisualStudioVersion = 17.12.35707.178 d17.12
MinimumVisualStudioVersion = 10.0.40219.1
Project("{FAE04EC0-301F-11D3-BF4B-00C04F79EFBC}") = "96-UniqueBST", "96-UniqueBST.csproj", "{A1B66EE8-2E7C-4FB4-9BE4-7B428F066F9A}"
EndProject
Global
	GlobalSection(SolutionConfigurationPlatforms) = preSolution
		Debug|Any CPU = Debug|Any CPU
		Release|Any CPU = Release|Any CPU
	EndGlobalSection
	GlobalSection(ProjectConfigurationPlatforms) = postSolution
		{A1B66EE8-2E7C-4FB4-9BE4-7B428F066F9A}.Debug|Any CPU.ActiveCfg = Debug|Any CPU
		{A1B66EE8-2E7C-4FB4-9BE4-7B428F066F9A}.Debug|Any CPU.Build.0 = Debug|Any CPU
		{A1B66EE8-2E7C-4FB4-9BE4-7B428F066F9A}.Release|Any CPU.ActiveCfg = Release|Any CPU
		{A1B66EE8-2E7C-4FB4-9BE4-7B428F066F9A}.Release|Any CPU.Build.0 = Release|Any CPU
	EndGlobalSection
	GlobalSection(SolutionProperties) = preSolution
		HideSolutionNode = FALSE
	EndGlobalSection
EndGlobal
