
Microsoft Visual Studio Solution File, Format Version 12.00
# Visual Studio Version 17
VisualStudioVersion = 17.10.34916.146
MinimumVisualStudioVersion = 10.0.40219.1
Project("{FAE04EC0-301F-11D3-BF4B-00C04F79EFBC}") = "GrpcService", "GrpcService.csproj", "{20FE8260-2394-4B07-ABD4-9C29FF6B0A36}"
EndProject
Global
	GlobalSection(SolutionConfigurationPlatforms) = preSolution
		Debug|Any CPU = Debug|Any CPU
		Release|Any CPU = Release|Any CPU
	EndGlobalSection
	GlobalSection(ProjectConfigurationPlatforms) = postSolution
		{20FE8260-2394-4B07-ABD4-9C29FF6B0A36}.Debug|Any CPU.ActiveCfg = Debug|Any CPU
		{20FE8260-2394-4B07-ABD4-9C29FF6B0A36}.Debug|Any CPU.Build.0 = Debug|Any CPU
		{20FE8260-2394-4B07-ABD4-9C29FF6B0A36}.Release|Any CPU.ActiveCfg = Release|Any CPU
		{20FE8260-2394-4B07-ABD4-9C29FF6B0A36}.Release|Any CPU.Build.0 = Release|Any CPU
	EndGlobalSection
	GlobalSection(SolutionProperties) = preSolution
		HideSolutionNode = FALSE
	EndGlobalSection
	GlobalSection(ExtensibilityGlobals) = postSolution
		SolutionGuid = {4E561C73-3227-4483-81FE-66944D5CE97F}
	EndGlobalSection
EndGlobal
