
Microsoft Visual Studio Solution File, Format Version 12.00
# Visual Studio Version 17
VisualStudioVersion = 17.12.35707.178 d17.12
MinimumVisualStudioVersion = 10.0.40219.1
Project("{FAE04EC0-301F-11D3-BF4B-00C04F79EFBC}") = "99-RecoverBST", "99-RecoverBST.csproj", "{501B3944-4ACD-4532-B9D6-70CADD7FDAE7}"
EndProject
Global
	GlobalSection(SolutionConfigurationPlatforms) = preSolution
		Debug|Any CPU = Debug|Any CPU
		Release|Any CPU = Release|Any CPU
	EndGlobalSection
	GlobalSection(ProjectConfigurationPlatforms) = postSolution
		{501B3944-4ACD-4532-B9D6-70CADD7FDAE7}.Debug|Any CPU.ActiveCfg = Debug|Any CPU
		{501B3944-4ACD-4532-B9D6-70CADD7FDAE7}.Debug|Any CPU.Build.0 = Debug|Any CPU
		{501B3944-4ACD-4532-B9D6-70CADD7FDAE7}.Release|Any CPU.ActiveCfg = Release|Any CPU
		{501B3944-4ACD-4532-B9D6-70CADD7FDAE7}.Release|Any CPU.Build.0 = Release|Any CPU
	EndGlobalSection
	GlobalSection(SolutionProperties) = preSolution
		HideSolutionNode = FALSE
	EndGlobalSection
EndGlobal
